
Microsoft Visual Studio Solution File, Format Version 12.00
# Visual Studio Version 17
VisualStudioVersion = 17.0.32014.148
MinimumVisualStudioVersion = 10.0.40219.1
Project("{002A2DE9-8BB6-484D-9802-7E4AD4084715}") = "buffTest", "buffTest\buffTest.visualdproj", "{46E0DF62-86F4-474F-B3E7-BD8852F5B1B4}"
EndProject
Global
	GlobalSection(SolutionConfigurationPlatforms) = preSolution
		Debug|x64 = Debug|x64
		Debug|x86 = Debug|x86
		Release|x64 = Release|x64
		Release|x86 = Release|x86
	EndGlobalSection
	GlobalSection(ProjectConfigurationPlatforms) = postSolution
		{46E0DF62-86F4-474F-B3E7-BD8852F5B1B4}.Debug|x64.ActiveCfg = Debug|Win32
		{46E0DF62-86F4-474F-B3E7-BD8852F5B1B4}.Debug|x86.ActiveCfg = Debug|Win32
		{46E0DF62-86F4-474F-B3E7-BD8852F5B1B4}.Debug|x86.Build.0 = Debug|Win32
		{46E0DF62-86F4-474F-B3E7-BD8852F5B1B4}.Release|x64.ActiveCfg = Release|Win32
		{46E0DF62-86F4-474F-B3E7-BD8852F5B1B4}.Release|x86.ActiveCfg = Release|Win32
		{46E0DF62-86F4-474F-B3E7-BD8852F5B1B4}.Release|x86.Build.0 = Release|Win32
	EndGlobalSection
	GlobalSection(SolutionProperties) = preSolution
		HideSolutionNode = FALSE
	EndGlobalSection
	GlobalSection(ExtensibilityGlobals) = postSolution
		SolutionGuid = {0C3192EB-3ED3-4313-9A2B-0C302A9CE1D5}
	EndGlobalSection
EndGlobal
